
Microsoft Visual Studio Solution File, Format Version 12.00
# Visual Studio Version 16
VisualStudioVersion = 16.0.31624.102
MinimumVisualStudioVersion = 10.0.40219.1
Project("{8BC9CEB8-8B4A-11D0-8D11-00A0C91BC942}") = "Sandbox", "Sandbox\Sandbox.vcxproj", "{E5692579-1811-4FA0-96CA-F2E660AC0CCF}"
EndProject
Project("{8BC9CEB8-8B4A-11D0-8D11-00A0C91BC942}") = "Lumin", "Lumin\Lumin.vcxproj", "{2F2AF7CB-49E9-4AF9-9F1B-C052F9F0EEC1}"
EndProject
Global
	GlobalSection(SolutionConfigurationPlatforms) = preSolution
		Debug|x64 = Debug|x64
		Release|x64 = Release|x64
	EndGlobalSection
	GlobalSection(ProjectConfigurationPlatforms) = postSolution
		{2F2AF7CB-49E9-4AF9-9F1B-C052F9F0EEC1}.Debug|x64.ActiveCfg = Debug|x64
		{2F2AF7CB-49E9-4AF9-9F1B-C052F9F0EEC1}.Debug|x64.Build.0 = Debug|x64
		{2F2AF7CB-49E9-4AF9-9F1B-C052F9F0EEC1}.Release|x64.ActiveCfg = Release|x64
		{2F2AF7CB-49E9-4AF9-9F1B-C052F9F0EEC1}.Release|x64.Build.0 = Release|x64
		{E5692579-1811-4FA0-96CA-F2E660AC0CCF}.Debug|x64.ActiveCfg = Debug|x64
		{E5692579-1811-4FA0-96CA-F2E660AC0CCF}.Debug|x64.Build.0 = Debug|x64
		{E5692579-1811-4FA0-96CA-F2E660AC0CCF}.Release|x64.ActiveCfg = Release|x64
		{E5692579-1811-4FA0-96CA-F2E660AC0CCF}.Release|x64.Build.0 = Release|x64
	EndGlobalSection
	GlobalSection(SolutionProperties) = preSolution
		HideSolutionNode = FALSE
	EndGlobalSection
	GlobalSection(ExtensibilityGlobals) = postSolution
		SolutionGuid = {FA9F457C-38FC-4844-8329-DAB27401E6E9}
	EndGlobalSection
EndGlobal
